
Microsoft Visual Studio Solution File, Format Version 12.00
# Visual Studio 15
VisualStudioVersion = 15.0.27428.2037
MinimumVisualStudioVersion = 10.0.40219.1
Project("{2150E333-8FDC-42A3-9474-1A3956D46DE8}") = "Libraries", "Libraries", "{CDAAC8E0-2B64-4D3A-B43B-7DCAE0E24EAA}"
EndProject
Project("{2150E333-8FDC-42A3-9474-1A3956D46DE8}") = "Presentation", "Presentation", "{A5229AA6-B39A-402D-BD34-52D9643B5AAF}"
EndProject
Project("{2150E333-8FDC-42A3-9474-1A3956D46DE8}") = "Tests", "Tests", "{E7032BB4-FCF4-42E8-A8CE-65D769DD2096}"
EndProject
Project("{FAE04EC0-301F-11D3-BF4B-00C04F79EFBC}") = "MyInterviewQuestions.Core", "MyInterviewQuestions.Core\MyInterviewQuestions.Core.csproj", "{18D0A9DC-6D01-4AFD-9428-B8AACB41AE6C}"
EndProject
Project("{FAE04EC0-301F-11D3-BF4B-00C04F79EFBC}") = "MyInterviewQuestions.Data", "MyInterviewQuestions.Data\MyInterviewQuestions.Data.csproj", "{3BA222DC-D924-4B9C-AF82-5FF3A0772CEB}"
EndProject
Project("{FAE04EC0-301F-11D3-BF4B-00C04F79EFBC}") = "MyInterviewQuestions.Service", "MyInterviewQuestions.Service\MyInterviewQuestions.Service.csproj", "{81125F2B-AD70-4A5D-BB41-4781A134D910}"
EndProject
Project("{FAE04EC0-301F-11D3-BF4B-00C04F79EFBC}") = "MyInterviewQuestions.WebApi", "MyInterviewQuestions.WebApi\MyInterviewQuestions.WebApi.csproj", "{E5C5A6DA-5103-4E49-9670-260BDC0256BE}"
EndProject
Project("{E24C65DC-7377-472B-9ABA-BC803B73C61A}") = "MyInterviewQuestions-WebAdmin", "MyInterviewQuestions-WebAdmin\", "{0021F08F-29B7-4C17-BC18-A4835D68FD2B}"
	ProjectSection(WebsiteProperties) = preProject
		TargetFrameworkMoniker = ".NETFramework,Version%3Dv4.0"
		Debug.AspNetCompiler.VirtualPath = "/localhost_59932"
		Debug.AspNetCompiler.PhysicalPath = "MyInterviewQuestions-WebAdmin\"
		Debug.AspNetCompiler.TargetPath = "PrecompiledWeb\localhost_59932\"
		Debug.AspNetCompiler.Updateable = "true"
		Debug.AspNetCompiler.ForceOverwrite = "true"
		Debug.AspNetCompiler.FixedNames = "false"
		Debug.AspNetCompiler.Debug = "True"
		Release.AspNetCompiler.VirtualPath = "/localhost_59932"
		Release.AspNetCompiler.PhysicalPath = "MyInterviewQuestions-WebAdmin\"
		Release.AspNetCompiler.TargetPath = "PrecompiledWeb\localhost_59932\"
		Release.AspNetCompiler.Updateable = "true"
		Release.AspNetCompiler.ForceOverwrite = "true"
		Release.AspNetCompiler.FixedNames = "false"
		Release.AspNetCompiler.Debug = "False"
		VWDPort = "59932"
		SlnRelativePath = "MyInterviewQuestions-WebAdmin\"
	EndProjectSection
EndProject
Project("{E24C65DC-7377-472B-9ABA-BC803B73C61A}") = "MyInterviewQuestions-Website", "MyInterviewQuestions-Website\", "{FD60AA16-2380-48ED-A523-D434316BF0AA}"
	ProjectSection(WebsiteProperties) = preProject
		TargetFrameworkMoniker = ".NETFramework,Version%3Dv4.0"
		Debug.AspNetCompiler.VirtualPath = "/localhost_60749"
		Debug.AspNetCompiler.PhysicalPath = "MyInterviewQuestions-Website\"
		Debug.AspNetCompiler.TargetPath = "PrecompiledWeb\localhost_60749\"
		Debug.AspNetCompiler.Updateable = "true"
		Debug.AspNetCompiler.ForceOverwrite = "true"
		Debug.AspNetCompiler.FixedNames = "false"
		Debug.AspNetCompiler.Debug = "True"
		Release.AspNetCompiler.VirtualPath = "/localhost_60749"
		Release.AspNetCompiler.PhysicalPath = "MyInterviewQuestions-Website\"
		Release.AspNetCompiler.TargetPath = "PrecompiledWeb\localhost_60749\"
		Release.AspNetCompiler.Updateable = "true"
		Release.AspNetCompiler.ForceOverwrite = "true"
		Release.AspNetCompiler.FixedNames = "false"
		Release.AspNetCompiler.Debug = "False"
		VWDPort = "60749"
		SlnRelativePath = "MyInterviewQuestions-Website\"
	EndProjectSection
EndProject
Global
	GlobalSection(SolutionConfigurationPlatforms) = preSolution
		Debug|Any CPU = Debug|Any CPU
		Release|Any CPU = Release|Any CPU
	EndGlobalSection
	GlobalSection(ProjectConfigurationPlatforms) = postSolution
		{18D0A9DC-6D01-4AFD-9428-B8AACB41AE6C}.Debug|Any CPU.ActiveCfg = Debug|Any CPU
		{18D0A9DC-6D01-4AFD-9428-B8AACB41AE6C}.Debug|Any CPU.Build.0 = Debug|Any CPU
		{18D0A9DC-6D01-4AFD-9428-B8AACB41AE6C}.Release|Any CPU.ActiveCfg = Release|Any CPU
		{18D0A9DC-6D01-4AFD-9428-B8AACB41AE6C}.Release|Any CPU.Build.0 = Release|Any CPU
		{3BA222DC-D924-4B9C-AF82-5FF3A0772CEB}.Debug|Any CPU.ActiveCfg = Debug|Any CPU
		{3BA222DC-D924-4B9C-AF82-5FF3A0772CEB}.Debug|Any CPU.Build.0 = Debug|Any CPU
		{3BA222DC-D924-4B9C-AF82-5FF3A0772CEB}.Release|Any CPU.ActiveCfg = Release|Any CPU
		{3BA222DC-D924-4B9C-AF82-5FF3A0772CEB}.Release|Any CPU.Build.0 = Release|Any CPU
		{81125F2B-AD70-4A5D-BB41-4781A134D910}.Debug|Any CPU.ActiveCfg = Debug|Any CPU
		{81125F2B-AD70-4A5D-BB41-4781A134D910}.Debug|Any CPU.Build.0 = Debug|Any CPU
		{81125F2B-AD70-4A5D-BB41-4781A134D910}.Release|Any CPU.ActiveCfg = Release|Any CPU
		{81125F2B-AD70-4A5D-BB41-4781A134D910}.Release|Any CPU.Build.0 = Release|Any CPU
		{E5C5A6DA-5103-4E49-9670-260BDC0256BE}.Debug|Any CPU.ActiveCfg = Debug|Any CPU
		{E5C5A6DA-5103-4E49-9670-260BDC0256BE}.Debug|Any CPU.Build.0 = Debug|Any CPU
		{E5C5A6DA-5103-4E49-9670-260BDC0256BE}.Release|Any CPU.ActiveCfg = Release|Any CPU
		{E5C5A6DA-5103-4E49-9670-260BDC0256BE}.Release|Any CPU.Build.0 = Release|Any CPU
		{0021F08F-29B7-4C17-BC18-A4835D68FD2B}.Debug|Any CPU.ActiveCfg = Debug|Any CPU
		{0021F08F-29B7-4C17-BC18-A4835D68FD2B}.Debug|Any CPU.Build.0 = Debug|Any CPU
		{0021F08F-29B7-4C17-BC18-A4835D68FD2B}.Release|Any CPU.ActiveCfg = Debug|Any CPU
		{0021F08F-29B7-4C17-BC18-A4835D68FD2B}.Release|Any CPU.Build.0 = Debug|Any CPU
		{FD60AA16-2380-48ED-A523-D434316BF0AA}.Debug|Any CPU.ActiveCfg = Debug|Any CPU
		{FD60AA16-2380-48ED-A523-D434316BF0AA}.Debug|Any CPU.Build.0 = Debug|Any CPU
		{FD60AA16-2380-48ED-A523-D434316BF0AA}.Release|Any CPU.ActiveCfg = Debug|Any CPU
		{FD60AA16-2380-48ED-A523-D434316BF0AA}.Release|Any CPU.Build.0 = Debug|Any CPU
	EndGlobalSection
	GlobalSection(SolutionProperties) = preSolution
		HideSolutionNode = FALSE
	EndGlobalSection
	GlobalSection(NestedProjects) = preSolution
		{18D0A9DC-6D01-4AFD-9428-B8AACB41AE6C} = {CDAAC8E0-2B64-4D3A-B43B-7DCAE0E24EAA}
		{3BA222DC-D924-4B9C-AF82-5FF3A0772CEB} = {CDAAC8E0-2B64-4D3A-B43B-7DCAE0E24EAA}
		{81125F2B-AD70-4A5D-BB41-4781A134D910} = {CDAAC8E0-2B64-4D3A-B43B-7DCAE0E24EAA}
		{E5C5A6DA-5103-4E49-9670-260BDC0256BE} = {A5229AA6-B39A-402D-BD34-52D9643B5AAF}
		{0021F08F-29B7-4C17-BC18-A4835D68FD2B} = {A5229AA6-B39A-402D-BD34-52D9643B5AAF}
		{FD60AA16-2380-48ED-A523-D434316BF0AA} = {A5229AA6-B39A-402D-BD34-52D9643B5AAF}
	EndGlobalSection
	GlobalSection(ExtensibilityGlobals) = postSolution
		SolutionGuid = {1E3DD816-AC4C-46AE-BAA3-843FE89AA5A1}
	EndGlobalSection
EndGlobal
